// !$*UTF8*$!
{
	archiveVersion = 1;
	classes = {
	};
	objectVersion = 55;
	objects = {

/* Begin PBXBuildFile section */
		80565B9328F4650400055BDC /* AppDelegate.swift in Sources */ = {isa = PBXBuildFile; fileRef = 80565B9228F4650400055BDC /* AppDelegate.swift */; };
		80565B9528F4650400055BDC /* SceneDelegate.swift in Sources */ = {isa = PBXBuildFile; fileRef = 80565B9428F4650400055BDC /* SceneDelegate.swift */; };
		80565B9A28F4650400055BDC /* Main.storyboard in Resources */ = {isa = PBXBuildFile; fileRef = 80565B9828F4650400055BDC /* Main.storyboard */; };
		80565B9C28F4650500055BDC /* Assets.xcassets in Resources */ = {isa = PBXBuildFile; fileRef = 80565B9B28F4650500055BDC /* Assets.xcassets */; };
		80565B9F28F4650500055BDC /* LaunchScreen.storyboard in Resources */ = {isa = PBXBuildFile; fileRef = 80565B9D28F4650500055BDC /* LaunchScreen.storyboard */; };
		80565BAA28F4650500055BDC /* SisalDetailTests.swift in Sources */ = {isa = PBXBuildFile; fileRef = 80565BA928F4650500055BDC /* SisalDetailTests.swift */; };
		80565BC428F466F200055BDC /* PhotoClient.swift in Sources */ = {isa = PBXBuildFile; fileRef = 80565BC328F466F200055BDC /* PhotoClient.swift */; };
		80565BC728F467A800055BDC /* AppRouter.swift in Sources */ = {isa = PBXBuildFile; fileRef = 80565BC628F467A800055BDC /* AppRouter.swift */; };
		80565BCA28F4681400055BDC /* Photo.swift in Sources */ = {isa = PBXBuildFile; fileRef = 80565BC928F4681400055BDC /* Photo.swift */; };
		80565BCB28F4682400055BDC /* Photo.swift in Sources */ = {isa = PBXBuildFile; fileRef = 80565BC928F4681400055BDC /* Photo.swift */; };
		80565BD128F4689500055BDC /* MainListContracts.swift in Sources */ = {isa = PBXBuildFile; fileRef = 80565BD028F4689500055BDC /* MainListContracts.swift */; };
		80565BD328F468AA00055BDC /* MainViewController.swift in Sources */ = {isa = PBXBuildFile; fileRef = 80565BD228F468AA00055BDC /* MainViewController.swift */; };
		80565BD628F468D400055BDC /* MainViewControllerBuilder.swift in Sources */ = {isa = PBXBuildFile; fileRef = 80565BD528F468D400055BDC /* MainViewControllerBuilder.swift */; };
		80565BD828F468EC00055BDC /* MainViewModel.swift in Sources */ = {isa = PBXBuildFile; fileRef = 80565BD728F468EC00055BDC /* MainViewModel.swift */; };
		80565BDA28F4691100055BDC /* MainDetailContracts.swift in Sources */ = {isa = PBXBuildFile; fileRef = 80565BD928F4691100055BDC /* MainDetailContracts.swift */; };
		80565BDC28F4692B00055BDC /* MainDetailViewController.swift in Sources */ = {isa = PBXBuildFile; fileRef = 80565BDB28F4692B00055BDC /* MainDetailViewController.swift */; };
		80565BDE28F4695200055BDC /* MainDetailViewControllerBuilder.swift in Sources */ = {isa = PBXBuildFile; fileRef = 80565BDD28F4695200055BDC /* MainDetailViewControllerBuilder.swift */; };
		80565BE028F4696F00055BDC /* MainDetailViewModel.swift in Sources */ = {isa = PBXBuildFile; fileRef = 80565BDF28F4696F00055BDC /* MainDetailViewModel.swift */; };
		80565BE428F469AA00055BDC /* MainDetailPresentation.swift in Sources */ = {isa = PBXBuildFile; fileRef = 80565BE328F469AA00055BDC /* MainDetailPresentation.swift */; };
		80565BE728F469CC00055BDC /* NetworkCheck.swift in Sources */ = {isa = PBXBuildFile; fileRef = 80565BE628F469CC00055BDC /* NetworkCheck.swift */; };
		80565BEC28F46A4C00055BDC /* PhotoClientProtocol.swift in Sources */ = {isa = PBXBuildFile; fileRef = 80565BEB28F46A4C00055BDC /* PhotoClientProtocol.swift */; };
		80565BF128F46A9500055BDC /* UIViewController+Ext.swift in Sources */ = {isa = PBXBuildFile; fileRef = 80565BF028F46A9500055BDC /* UIViewController+Ext.swift */; };
		80565BF528F46AC800055BDC /* MainCollectionViewCell.swift in Sources */ = {isa = PBXBuildFile; fileRef = 80565BF428F46AC800055BDC /* MainCollectionViewCell.swift */; };
		80565BF828F46B3100055BDC /* MockDetailViewModelOutput.swift in Sources */ = {isa = PBXBuildFile; fileRef = 80565BF728F46B3100055BDC /* MockDetailViewModelOutput.swift */; };
		80565BFA28F46B4700055BDC /* MockViewModelOutput.swift in Sources */ = {isa = PBXBuildFile; fileRef = 80565BF928F46B4700055BDC /* MockViewModelOutput.swift */; };
		80565BFD28F46B8E00055BDC /* photo.json in Resources */ = {isa = PBXBuildFile; fileRef = 80565BFC28F46B8E00055BDC /* photo.json */; };
		80B497CA28F46FF3000B2511 /* Kingfisher in Frameworks */ = {isa = PBXBuildFile; productRef = 80B497C928F46FF3000B2511 /* Kingfisher */; };
		80B497CB28F47047000B2511 /* SisalClientTest.swift in Sources */ = {isa = PBXBuildFile; fileRef = 80565BFF28F46C2C00055BDC /* SisalClientTest.swift */; };
/* End PBXBuildFile section */

/* Begin PBXContainerItemProxy section */
		80565BA628F4650500055BDC /* PBXContainerItemProxy */ = {
			isa = PBXContainerItemProxy;
			containerPortal = 80565B8728F4650400055BDC /* Project object */;
			proxyType = 1;
			remoteGlobalIDString = 80565B8E28F4650400055BDC;
			remoteInfo = Sisal;
		};
/* End PBXContainerItemProxy section */

/* Begin PBXFileReference section */
		80565B8F28F4650400055BDC /* SisalTest.app */ = {isa = PBXFileReference; explicitFileType = wrapper.application; includeInIndex = 0; path = SisalTest.app; sourceTree = BUILT_PRODUCTS_DIR; };
		80565B9228F4650400055BDC /* AppDelegate.swift */ = {isa = PBXFileReference; lastKnownFileType = sourcecode.swift; path = AppDelegate.swift; sourceTree = "<group>"; };
		80565B9428F4650400055BDC /* SceneDelegate.swift */ = {isa = PBXFileReference; lastKnownFileType = sourcecode.swift; path = SceneDelegate.swift; sourceTree = "<group>"; };
		80565B9928F4650400055BDC /* Base */ = {isa = PBXFileReference; lastKnownFileType = file.storyboard; name = Base; path = Base.lproj/Main.storyboard; sourceTree = "<group>"; };
		80565B9B28F4650500055BDC /* Assets.xcassets */ = {isa = PBXFileReference; lastKnownFileType = folder.assetcatalog; path = Assets.xcassets; sourceTree = "<group>"; };
		80565B9E28F4650500055BDC /* Base */ = {isa = PBXFileReference; lastKnownFileType = file.storyboard; name = Base; path = Base.lproj/LaunchScreen.storyboard; sourceTree = "<group>"; };
		80565BA028F4650500055BDC /* Info.plist */ = {isa = PBXFileReference; lastKnownFileType = text.plist.xml; path = Info.plist; sourceTree = "<group>"; };
		80565BA528F4650500055BDC /* SisalTestTests.xctest */ = {isa = PBXFileReference; explicitFileType = wrapper.cfbundle; includeInIndex = 0; path = SisalTestTests.xctest; sourceTree = BUILT_PRODUCTS_DIR; };
		80565BA928F4650500055BDC /* SisalDetailTests.swift */ = {isa = PBXFileReference; lastKnownFileType = sourcecode.swift; path = SisalDetailTests.swift; sourceTree = "<group>"; };
		80565BC328F466F200055BDC /* PhotoClient.swift */ = {isa = PBXFileReference; lastKnownFileType = sourcecode.swift; path = PhotoClient.swift; sourceTree = "<group>"; };
		80565BC628F467A800055BDC /* AppRouter.swift */ = {isa = PBXFileReference; lastKnownFileType = sourcecode.swift; path = AppRouter.swift; sourceTree = "<group>"; };
		80565BC928F4681400055BDC /* Photo.swift */ = {isa = PBXFileReference; lastKnownFileType = sourcecode.swift; path = Photo.swift; sourceTree = "<group>"; };
		80565BD028F4689500055BDC /* MainListContracts.swift */ = {isa = PBXFileReference; lastKnownFileType = sourcecode.swift; path = MainListContracts.swift; sourceTree = "<group>"; };
		80565BD228F468AA00055BDC /* MainViewController.swift */ = {isa = PBXFileReference; lastKnownFileType = sourcecode.swift; path = MainViewController.swift; sourceTree = "<group>"; };
		80565BD528F468D400055BDC /* MainViewControllerBuilder.swift */ = {isa = PBXFileReference; lastKnownFileType = sourcecode.swift; path = MainViewControllerBuilder.swift; sourceTree = "<group>"; };
		80565BD728F468EC00055BDC /* MainViewModel.swift */ = {isa = PBXFileReference; lastKnownFileType = sourcecode.swift; path = MainViewModel.swift; sourceTree = "<group>"; };
		80565BD928F4691100055BDC /* MainDetailContracts.swift */ = {isa = PBXFileReference; lastKnownFileType = sourcecode.swift; path = MainDetailContracts.swift; sourceTree = "<group>"; };
		80565BDB28F4692B00055BDC /* MainDetailViewController.swift */ = {isa = PBXFileReference; lastKnownFileType = sourcecode.swift; path = MainDetailViewController.swift; sourceTree = "<group>"; };
		80565BDD28F4695200055BDC /* MainDetailViewControllerBuilder.swift */ = {isa = PBXFileReference; lastKnownFileType = sourcecode.swift; path = MainDetailViewControllerBuilder.swift; sourceTree = "<group>"; };
		80565BDF28F4696F00055BDC /* MainDetailViewModel.swift */ = {isa = PBXFileReference; lastKnownFileType = sourcecode.swift; path = MainDetailViewModel.swift; sourceTree = "<group>"; };
		80565BE328F469AA00055BDC /* MainDetailPresentation.swift */ = {isa = PBXFileReference; lastKnownFileType = sourcecode.swift; path = MainDetailPresentation.swift; sourceTree = "<group>"; };
		80565BE628F469CC00055BDC /* NetworkCheck.swift */ = {isa = PBXFileReference; lastKnownFileType = sourcecode.swift; path = NetworkCheck.swift; sourceTree = "<group>"; };
		80565BE928F46A1B00055BDC /* README.md */ = {isa = PBXFileReference; lastKnownFileType = net.daringfireball.markdown; path = README.md; sourceTree = "<group>"; };
		80565BEB28F46A4C00055BDC /* PhotoClientProtocol.swift */ = {isa = PBXFileReference; lastKnownFileType = sourcecode.swift; path = PhotoClientProtocol.swift; sourceTree = "<group>"; };
		80565BF028F46A9500055BDC /* UIViewController+Ext.swift */ = {isa = PBXFileReference; lastKnownFileType = sourcecode.swift; path = "UIViewController+Ext.swift"; sourceTree = "<group>"; };
		80565BF428F46AC800055BDC /* MainCollectionViewCell.swift */ = {isa = PBXFileReference; lastKnownFileType = sourcecode.swift; path = MainCollectionViewCell.swift; sourceTree = "<group>"; };
		80565BF728F46B3100055BDC /* MockDetailViewModelOutput.swift */ = {isa = PBXFileReference; lastKnownFileType = sourcecode.swift; path = MockDetailViewModelOutput.swift; sourceTree = "<group>"; };
		80565BF928F46B4700055BDC /* MockViewModelOutput.swift */ = {isa = PBXFileReference; lastKnownFileType = sourcecode.swift; path = MockViewModelOutput.swift; sourceTree = "<group>"; };
		80565BFC28F46B8E00055BDC /* photo.json */ = {isa = PBXFileReference; lastKnownFileType = text.json; path = photo.json; sourceTree = "<group>"; };
		80565BFF28F46C2C00055BDC /* SisalClientTest.swift */ = {isa = PBXFileReference; lastKnownFileType = sourcecode.swift; path = SisalClientTest.swift; sourceTree = "<group>"; };
/* End PBXFileReference section */

/* Begin PBXFrameworksBuildPhase section */
		80565B8C28F4650400055BDC /* Frameworks */ = {
			isa = PBXFrameworksBuildPhase;
			buildActionMask = 2147483647;
			files = (
				80B497CA28F46FF3000B2511 /* Kingfisher in Frameworks */,
			);
			runOnlyForDeploymentPostprocessing = 0;
		};
		80565BA228F4650500055BDC /* Frameworks */ = {
			isa = PBXFrameworksBuildPhase;
			buildActionMask = 2147483647;
			files = (
			);
			runOnlyForDeploymentPostprocessing = 0;
		};
/* End PBXFrameworksBuildPhase section */

/* Begin PBXGroup section */
		80565B8628F4650400055BDC = {
			isa = PBXGroup;
			children = (
				80565B9128F4650400055BDC /* Sisal */,
				80565BA828F4650500055BDC /* SisalTests */,
				80565B9028F4650400055BDC /* Products */,
			);
			sourceTree = "<group>";
		};
		80565B9028F4650400055BDC /* Products */ = {
			isa = PBXGroup;
			children = (
				80565B8F28F4650400055BDC /* SisalTest.app */,
				80565BA528F4650500055BDC /* SisalTestTests.xctest */,
			);
			name = Products;
			sourceTree = "<group>";
		};
		80565B9128F4650400055BDC /* Sisal */ = {
			isa = PBXGroup;
			children = (
				80565BF228F46AAD00055BDC /* Views */,
				80565BEE28F46A7100055BDC /* Utility */,
				80565BEA28F46A3900055BDC /* Services */,
				80565BE828F469F700055BDC /* Resources */,
				80565BE528F469B900055BDC /* Reachability */,
				80565BE128F4698400055BDC /* Presentations */,
				80565BCC28F4684800055BDC /* Modules */,
				80565BC828F4680600055BDC /* DTOs */,
				80565BC528F4674B00055BDC /* App */,
				80565BC228F466D000055BDC /* APIEndpoint */,
				80565BED28F46A6000055BDC /* SupportingFiles */,
			);
			path = Sisal;
			sourceTree = "<group>";
		};
		80565BA828F4650500055BDC /* SisalTests */ = {
			isa = PBXGroup;
			children = (
				80565BFB28F46B6F00055BDC /* Resources */,
				80565BF628F46B1000055BDC /* Mocks */,
				80565BA928F4650500055BDC /* SisalDetailTests.swift */,
				80565BFF28F46C2C00055BDC /* SisalClientTest.swift */,
			);
			path = SisalTests;
			sourceTree = "<group>";
		};
		80565BC228F466D000055BDC /* APIEndpoint */ = {
			isa = PBXGroup;
			children = (
				80565BC328F466F200055BDC /* PhotoClient.swift */,
			);
			path = APIEndpoint;
			sourceTree = "<group>";
		};
		80565BC528F4674B00055BDC /* App */ = {
			isa = PBXGroup;
			children = (
				80565B9228F4650400055BDC /* AppDelegate.swift */,
				80565B9428F4650400055BDC /* SceneDelegate.swift */,
				80565BC628F467A800055BDC /* AppRouter.swift */,
			);
			path = App;
			sourceTree = "<group>";
		};
		80565BC828F4680600055BDC /* DTOs */ = {
			isa = PBXGroup;
			children = (
				80565BC928F4681400055BDC /* Photo.swift */,
			);
			path = DTOs;
			sourceTree = "<group>";
		};
		80565BCC28F4684800055BDC /* Modules */ = {
			isa = PBXGroup;
			children = (
				80565BCE28F4686300055BDC /* MainDetail */,
				80565BCD28F4686000055BDC /* Main */,
			);
			path = Modules;
			sourceTree = "<group>";
		};
		80565BCD28F4686000055BDC /* Main */ = {
			isa = PBXGroup;
			children = (
				80565B9828F4650400055BDC /* Main.storyboard */,
				80565BD028F4689500055BDC /* MainListContracts.swift */,
				80565BD228F468AA00055BDC /* MainViewController.swift */,
				80565BD528F468D400055BDC /* MainViewControllerBuilder.swift */,
				80565BD728F468EC00055BDC /* MainViewModel.swift */,
			);
			path = Main;
			sourceTree = "<group>";
		};
		80565BCE28F4686300055BDC /* MainDetail */ = {
			isa = PBXGroup;
			children = (
				80565BD928F4691100055BDC /* MainDetailContracts.swift */,
				80565BDB28F4692B00055BDC /* MainDetailViewController.swift */,
				80565BDD28F4695200055BDC /* MainDetailViewControllerBuilder.swift */,
				80565BDF28F4696F00055BDC /* MainDetailViewModel.swift */,
			);
			path = MainDetail;
			sourceTree = "<group>";
		};
		80565BE128F4698400055BDC /* Presentations */ = {
			isa = PBXGroup;
			children = (
				80565BE228F4698A00055BDC /* MainDetailPresentation */,
			);
			path = Presentations;
			sourceTree = "<group>";
		};
		80565BE228F4698A00055BDC /* MainDetailPresentation */ = {
			isa = PBXGroup;
			children = (
				80565BE328F469AA00055BDC /* MainDetailPresentation.swift */,
			);
			path = MainDetailPresentation;
			sourceTree = "<group>";
		};
		80565BE528F469B900055BDC /* Reachability */ = {
			isa = PBXGroup;
			children = (
				80565BE628F469CC00055BDC /* NetworkCheck.swift */,
			);
			path = Reachability;
			sourceTree = "<group>";
		};
		80565BE828F469F700055BDC /* Resources */ = {
			isa = PBXGroup;
			children = (
				80565B9B28F4650500055BDC /* Assets.xcassets */,
				80565BE928F46A1B00055BDC /* README.md */,
			);
			path = Resources;
			sourceTree = "<group>";
		};
		80565BEA28F46A3900055BDC /* Services */ = {
			isa = PBXGroup;
			children = (
				80565BEB28F46A4C00055BDC /* PhotoClientProtocol.swift */,
			);
			path = Services;
			sourceTree = "<group>";
		};
		80565BED28F46A6000055BDC /* SupportingFiles */ = {
			isa = PBXGroup;
			children = (
				80565B9D28F4650500055BDC /* LaunchScreen.storyboard */,
				80565BA028F4650500055BDC /* Info.plist */,
			);
			path = SupportingFiles;
			sourceTree = "<group>";
		};
		80565BEE28F46A7100055BDC /* Utility */ = {
			isa = PBXGroup;
			children = (
				80565BEF28F46A7B00055BDC /* Extension */,
			);
			path = Utility;
			sourceTree = "<group>";
		};
		80565BEF28F46A7B00055BDC /* Extension */ = {
			isa = PBXGroup;
			children = (
				80565BF028F46A9500055BDC /* UIViewController+Ext.swift */,
			);
			path = Extension;
			sourceTree = "<group>";
		};
		80565BF228F46AAD00055BDC /* Views */ = {
			isa = PBXGroup;
			children = (
				80565BF328F46AB300055BDC /* MainCollectionViewCell */,
			);
			path = Views;
			sourceTree = "<group>";
		};
		80565BF328F46AB300055BDC /* MainCollectionViewCell */ = {
			isa = PBXGroup;
			children = (
				80565BF428F46AC800055BDC /* MainCollectionViewCell.swift */,
			);
			path = MainCollectionViewCell;
			sourceTree = "<group>";
		};
		80565BF628F46B1000055BDC /* Mocks */ = {
			isa = PBXGroup;
			children = (
				80565BF728F46B3100055BDC /* MockDetailViewModelOutput.swift */,
				80565BF928F46B4700055BDC /* MockViewModelOutput.swift */,
			);
			path = Mocks;
			sourceTree = "<group>";
		};
		80565BFB28F46B6F00055BDC /* Resources */ = {
			isa = PBXGroup;
			children = (
				80565BFC28F46B8E00055BDC /* photo.json */,
			);
			path = Resources;
			sourceTree = "<group>";
		};
/* End PBXGroup section */

/* Begin PBXNativeTarget section */
		80565B8E28F4650400055BDC /* SisalTest */ = {
			isa = PBXNativeTarget;
			buildConfigurationList = 80565BB928F4650500055BDC /* Build configuration list for PBXNativeTarget "SisalTest" */;
			buildPhases = (
				80565B8B28F4650400055BDC /* Sources */,
				80565B8C28F4650400055BDC /* Frameworks */,
				80565B8D28F4650400055BDC /* Resources */,
			);
			buildRules = (
			);
			dependencies = (
			);
			name = SisalTest;
			packageProductDependencies = (
				80B497C928F46FF3000B2511 /* Kingfisher */,
			);
			productName = Sisal;
			productReference = 80565B8F28F4650400055BDC /* SisalTest.app */;
			productType = "com.apple.product-type.application";
		};
		80565BA428F4650500055BDC /* SisalTestTests */ = {
			isa = PBXNativeTarget;
			buildConfigurationList = 80565BBC28F4650500055BDC /* Build configuration list for PBXNativeTarget "SisalTestTests" */;
			buildPhases = (
				80565BA128F4650500055BDC /* Sources */,
				80565BA228F4650500055BDC /* Frameworks */,
				80565BA328F4650500055BDC /* Resources */,
			);
			buildRules = (
			);
			dependencies = (
				80565BA728F4650500055BDC /* PBXTargetDependency */,
			);
			name = SisalTestTests;
			productName = SisalTests;
			productReference = 80565BA528F4650500055BDC /* SisalTestTests.xctest */;
			productType = "com.apple.product-type.bundle.unit-test";
		};
/* End PBXNativeTarget section */

/* Begin PBXProject section */
		80565B8728F4650400055BDC /* Project object */ = {
			isa = PBXProject;
			attributes = {
				BuildIndependentTargetsInParallel = 1;
				LastSwiftUpdateCheck = 1340;
				LastUpgradeCheck = 1340;
				TargetAttributes = {
					80565B8E28F4650400055BDC = {
						CreatedOnToolsVersion = 13.4;
					};
					80565BA428F4650500055BDC = {
						CreatedOnToolsVersion = 13.4;
						TestTargetID = 80565B8E28F4650400055BDC;
					};
				};
			};
			buildConfigurationList = 80565B8A28F4650400055BDC /* Build configuration list for PBXProject "SisalTest" */;
			compatibilityVersion = "Xcode 13.0";
			developmentRegion = en;
			hasScannedForEncodings = 0;
			knownRegions = (
				en,
				Base,
			);
			mainGroup = 80565B8628F4650400055BDC;
			packageReferences = (
				80B497C828F46FF3000B2511 /* XCRemoteSwiftPackageReference "Kingfisher" */,
			);
			productRefGroup = 80565B9028F4650400055BDC /* Products */;
			projectDirPath = "";
			projectRoot = "";
			targets = (
				80565B8E28F4650400055BDC /* SisalTest */,
				80565BA428F4650500055BDC /* SisalTestTests */,
			);
		};
/* End PBXProject section */

/* Begin PBXResourcesBuildPhase section */
		80565B8D28F4650400055BDC /* Resources */ = {
			isa = PBXResourcesBuildPhase;
			buildActionMask = 2147483647;
			files = (
				80565B9F28F4650500055BDC /* LaunchScreen.storyboard in Resources */,
				80565B9C28F4650500055BDC /* Assets.xcassets in Resources */,
				80565B9A28F4650400055BDC /* Main.storyboard in Resources */,
				80565BFD28F46B8E00055BDC /* photo.json in Resources */,
			);
			runOnlyForDeploymentPostprocessing = 0;
		};
		80565BA328F4650500055BDC /* Resources */ = {
			isa = PBXResourcesBuildPhase;
			buildActionMask = 2147483647;
			files = (
			);
			runOnlyForDeploymentPostprocessing = 0;
		};
/* End PBXResourcesBuildPhase section */

/* Begin PBXSourcesBuildPhase section */
		80565B8B28F4650400055BDC /* Sources */ = {
			isa = PBXSourcesBuildPhase;
			buildActionMask = 2147483647;
			files = (
				80565BD328F468AA00055BDC /* MainViewController.swift in Sources */,
				80565BF528F46AC800055BDC /* MainCollectionViewCell.swift in Sources */,
				80565BF828F46B3100055BDC /* MockDetailViewModelOutput.swift in Sources */,
				80565BFA28F46B4700055BDC /* MockViewModelOutput.swift in Sources */,
				80565BD128F4689500055BDC /* MainListContracts.swift in Sources */,
				80565BF128F46A9500055BDC /* UIViewController+Ext.swift in Sources */,
				80565BE028F4696F00055BDC /* MainDetailViewModel.swift in Sources */,
				80565BDE28F4695200055BDC /* MainDetailViewControllerBuilder.swift in Sources */,
				80565BC728F467A800055BDC /* AppRouter.swift in Sources */,
				80565BE428F469AA00055BDC /* MainDetailPresentation.swift in Sources */,
				80565BC428F466F200055BDC /* PhotoClient.swift in Sources */,
				80565B9328F4650400055BDC /* AppDelegate.swift in Sources */,
				80565BDC28F4692B00055BDC /* MainDetailViewController.swift in Sources */,
				80565BDA28F4691100055BDC /* MainDetailContracts.swift in Sources */,
				80565BD628F468D400055BDC /* MainViewControllerBuilder.swift in Sources */,
				80565BE728F469CC00055BDC /* NetworkCheck.swift in Sources */,
				80565B9528F4650400055BDC /* SceneDelegate.swift in Sources */,
				80565BCA28F4681400055BDC /* Photo.swift in Sources */,
				80565BD828F468EC00055BDC /* MainViewModel.swift in Sources */,
				80565BEC28F46A4C00055BDC /* PhotoClientProtocol.swift in Sources */,
			);
			runOnlyForDeploymentPostprocessing = 0;
		};
		80565BA128F4650500055BDC /* Sources */ = {
			isa = PBXSourcesBuildPhase;
			buildActionMask = 2147483647;
			files = (
				80B497CB28F47047000B2511 /* SisalClientTest.swift in Sources */,
				80565BCB28F4682400055BDC /* Photo.swift in Sources */,
				80565BAA28F4650500055BDC /* SisalDetailTests.swift in Sources */,
			);
			runOnlyForDeploymentPostprocessing = 0;
		};
/* End PBXSourcesBuildPhase section */

/* Begin PBXTargetDependency section */
		80565BA728F4650500055BDC /* PBXTargetDependency */ = {
			isa = PBXTargetDependency;
			target = 80565B8E28F4650400055BDC /* SisalTest */;
			targetProxy = 80565BA628F4650500055BDC /* PBXContainerItemProxy */;
		};
/* End PBXTargetDependency section */

/* Begin PBXVariantGroup section */
		80565B9828F4650400055BDC /* Main.storyboard */ = {
			isa = PBXVariantGroup;
			children = (
				80565B9928F4650400055BDC /* Base */,
			);
			name = Main.storyboard;
			sourceTree = "<group>";
		};
		80565B9D28F4650500055BDC /* LaunchScreen.storyboard */ = {
			isa = PBXVariantGroup;
			children = (
				80565B9E28F4650500055BDC /* Base */,
			);
			name = LaunchScreen.storyboard;
			sourceTree = "<group>";
		};
/* End PBXVariantGroup section */

/* Begin XCBuildConfiguration section */
		80565BB728F4650500055BDC /* Debug */ = {
			isa = XCBuildConfiguration;
			buildSettings = {
				ALWAYS_SEARCH_USER_PATHS = NO;
				CLANG_ANALYZER_NONNULL = YES;
				CLANG_ANALYZER_NUMBER_OBJECT_CONVERSION = YES_AGGRESSIVE;
				CLANG_CXX_LANGUAGE_STANDARD = "gnu++17";
				CLANG_ENABLE_MODULES = YES;
				CLANG_ENABLE_OBJC_ARC = YES;
				CLANG_ENABLE_OBJC_WEAK = YES;
				CLANG_WARN_BLOCK_CAPTURE_AUTORELEASING = YES;
				CLANG_WARN_BOOL_CONVERSION = YES;
				CLANG_WARN_COMMA = YES;
				CLANG_WARN_CONSTANT_CONVERSION = YES;
				CLANG_WARN_DEPRECATED_OBJC_IMPLEMENTATIONS = YES;
				CLANG_WARN_DIRECT_OBJC_ISA_USAGE = YES_ERROR;
				CLANG_WARN_DOCUMENTATION_COMMENTS = YES;
				CLANG_WARN_EMPTY_BODY = YES;
				CLANG_WARN_ENUM_CONVERSION = YES;
				CLANG_WARN_INFINITE_RECURSION = YES;
				CLANG_WARN_INT_CONVERSION = YES;
				CLANG_WARN_NON_LITERAL_NULL_CONVERSION = YES;
				CLANG_WARN_OBJC_IMPLICIT_RETAIN_SELF = YES;
				CLANG_WARN_OBJC_LITERAL_CONVERSION = YES;
				CLANG_WARN_OBJC_ROOT_CLASS = YES_ERROR;
				CLANG_WARN_QUOTED_INCLUDE_IN_FRAMEWORK_HEADER = YES;
				CLANG_WARN_RANGE_LOOP_ANALYSIS = YES;
				CLANG_WARN_STRICT_PROTOTYPES = YES;
				CLANG_WARN_SUSPICIOUS_MOVE = YES;
				CLANG_WARN_UNGUARDED_AVAILABILITY = YES_AGGRESSIVE;
				CLANG_WARN_UNREACHABLE_CODE = YES;
				CLANG_WARN__DUPLICATE_METHOD_MATCH = YES;
				COPY_PHASE_STRIP = NO;
				DEBUG_INFORMATION_FORMAT = dwarf;
				ENABLE_STRICT_OBJC_MSGSEND = YES;
				ENABLE_TESTABILITY = YES;
				GCC_C_LANGUAGE_STANDARD = gnu11;
				GCC_DYNAMIC_NO_PIC = NO;
				GCC_NO_COMMON_BLOCKS = YES;
				GCC_OPTIMIZATION_LEVEL = 0;
				GCC_PREPROCESSOR_DEFINITIONS = (
					"DEBUG=1",
					"$(inherited)",
				);
				GCC_WARN_64_TO_32_BIT_CONVERSION = YES;
				GCC_WARN_ABOUT_RETURN_TYPE = YES_ERROR;
				GCC_WARN_UNDECLARED_SELECTOR = YES;
				GCC_WARN_UNINITIALIZED_AUTOS = YES_AGGRESSIVE;
				GCC_WARN_UNUSED_FUNCTION = YES;
				GCC_WARN_UNUSED_VARIABLE = YES;
				IPHONEOS_DEPLOYMENT_TARGET = 15.5;
				MTL_ENABLE_DEBUG_INFO = INCLUDE_SOURCE;
				MTL_FAST_MATH = YES;
				ONLY_ACTIVE_ARCH = YES;
				SDKROOT = iphoneos;
				SWIFT_ACTIVE_COMPILATION_CONDITIONS = DEBUG;
				SWIFT_OPTIMIZATION_LEVEL = "-Onone";
			};
			name = Debug;
		};
		80565BB828F4650500055BDC /* Release */ = {
			isa = XCBuildConfiguration;
			buildSettings = {
				ALWAYS_SEARCH_USER_PATHS = NO;
				CLANG_ANALYZER_NONNULL = YES;
				CLANG_ANALYZER_NUMBER_OBJECT_CONVERSION = YES_AGGRESSIVE;
				CLANG_CXX_LANGUAGE_STANDARD = "gnu++17";
				CLANG_ENABLE_MODULES = YES;
				CLANG_ENABLE_OBJC_ARC = YES;
				CLANG_ENABLE_OBJC_WEAK = YES;
				CLANG_WARN_BLOCK_CAPTURE_AUTORELEASING = YES;
				CLANG_WARN_BOOL_CONVERSION = YES;
				CLANG_WARN_COMMA = YES;
				CLANG_WARN_CONSTANT_CONVERSION = YES;
				CLANG_WARN_DEPRECATED_OBJC_IMPLEMENTATIONS = YES;
				CLANG_WARN_DIRECT_OBJC_ISA_USAGE = YES_ERROR;
				CLANG_WARN_DOCUMENTATION_COMMENTS = YES;
				CLANG_WARN_EMPTY_BODY = YES;
				CLANG_WARN_ENUM_CONVERSION = YES;
				CLANG_WARN_INFINITE_RECURSION = YES;
				CLANG_WARN_INT_CONVERSION = YES;
				CLANG_WARN_NON_LITERAL_NULL_CONVERSION = YES;
				CLANG_WARN_OBJC_IMPLICIT_RETAIN_SELF = YES;
				CLANG_WARN_OBJC_LITERAL_CONVERSION = YES;
				CLANG_WARN_OBJC_ROOT_CLASS = YES_ERROR;
				CLANG_WARN_QUOTED_INCLUDE_IN_FRAMEWORK_HEADER = YES;
				CLANG_WARN_RANGE_LOOP_ANALYSIS = YES;
				CLANG_WARN_STRICT_PROTOTYPES = YES;
				CLANG_WARN_SUSPICIOUS_MOVE = YES;
				CLANG_WARN_UNGUARDED_AVAILABILITY = YES_AGGRESSIVE;
				CLANG_WARN_UNREACHABLE_CODE = YES;
				CLANG_WARN__DUPLICATE_METHOD_MATCH = YES;
				COPY_PHASE_STRIP = NO;
				DEBUG_INFORMATION_FORMAT = "dwarf-with-dsym";
				ENABLE_NS_ASSERTIONS = NO;
				ENABLE_STRICT_OBJC_MSGSEND = YES;
				GCC_C_LANGUAGE_STANDARD = gnu11;
				GCC_NO_COMMON_BLOCKS = YES;
				GCC_WARN_64_TO_32_BIT_CONVERSION = YES;
				GCC_WARN_ABOUT_RETURN_TYPE = YES_ERROR;
				GCC_WARN_UNDECLARED_SELECTOR = YES;
				GCC_WARN_UNINITIALIZED_AUTOS = YES_AGGRESSIVE;
				GCC_WARN_UNUSED_FUNCTION = YES;
				GCC_WARN_UNUSED_VARIABLE = YES;
				IPHONEOS_DEPLOYMENT_TARGET = 15.5;
				MTL_ENABLE_DEBUG_INFO = NO;
				MTL_FAST_MATH = YES;
				SDKROOT = iphoneos;
				SWIFT_COMPILATION_MODE = wholemodule;
				SWIFT_OPTIMIZATION_LEVEL = "-O";
				VALIDATE_PRODUCT = YES;
			};
			name = Release;
		};
		80565BBA28F4650500055BDC /* Debug */ = {
			isa = XCBuildConfiguration;
			buildSettings = {
				ASSETCATALOG_COMPILER_APPICON_NAME = AppIcon;
				ASSETCATALOG_COMPILER_GLOBAL_ACCENT_COLOR_NAME = AccentColor;
				CODE_SIGN_STYLE = Automatic;
				CURRENT_PROJECT_VERSION = 1;
				DEVELOPMENT_TEAM = NMCVZ8F7S5;
				GENERATE_INFOPLIST_FILE = YES;
				INFOPLIST_FILE = Sisal/SupportingFiles/Info.plist;
				INFOPLIST_KEY_UIApplicationSupportsIndirectInputEvents = YES;
				INFOPLIST_KEY_UILaunchStoryboardName = LaunchScreen;
				INFOPLIST_KEY_UIMainStoryboardFile = Main;
				INFOPLIST_KEY_UISupportedInterfaceOrientations_iPad = "UIInterfaceOrientationPortrait UIInterfaceOrientationPortraitUpsideDown UIInterfaceOrientationLandscapeLeft UIInterfaceOrientationLandscapeRight";
				INFOPLIST_KEY_UISupportedInterfaceOrientations_iPhone = "UIInterfaceOrientationPortrait UIInterfaceOrientationLandscapeLeft UIInterfaceOrientationLandscapeRight";
				LD_RUNPATH_SEARCH_PATHS = (
					"$(inherited)",
					"@executable_path/Frameworks",
				);
				MARKETING_VERSION = 1.0;
				PRODUCT_BUNDLE_IDENTIFIER = com.emredegirmenci.Sisal;
				PRODUCT_NAME = "$(TARGET_NAME)";
				SWIFT_EMIT_LOC_STRINGS = YES;
				SWIFT_VERSION = 5.0;
				TARGETED_DEVICE_FAMILY = "1,2";
			};
			name = Debug;
		};
		80565BBB28F4650500055BDC /* Release */ = {
			isa = XCBuildConfiguration;
			buildSettings = {
				ASSETCATALOG_COMPILER_APPICON_NAME = AppIcon;
				ASSETCATALOG_COMPILER_GLOBAL_ACCENT_COLOR_NAME = AccentColor;
				CODE_SIGN_STYLE = Automatic;
				CURRENT_PROJECT_VERSION = 1;
				DEVELOPMENT_TEAM = NMCVZ8F7S5;
				GENERATE_INFOPLIST_FILE = YES;
				INFOPLIST_FILE = Sisal/SupportingFiles/Info.plist;
				INFOPLIST_KEY_UIApplicationSupportsIndirectInputEvents = YES;
				INFOPLIST_KEY_UILaunchStoryboardName = LaunchScreen;
				INFOPLIST_KEY_UIMainStoryboardFile = Main;
				INFOPLIST_KEY_UISupportedInterfaceOrientations_iPad = "UIInterfaceOrientationPortrait UIInterfaceOrientationPortraitUpsideDown UIInterfaceOrientationLandscapeLeft UIInterfaceOrientationLandscapeRight";
				INFOPLIST_KEY_UISupportedInterfaceOrientations_iPhone = "UIInterfaceOrientationPortrait UIInterfaceOrientationLandscapeLeft UIInterfaceOrientationLandscapeRight";
				LD_RUNPATH_SEARCH_PATHS = (
					"$(inherited)",
					"@executable_path/Frameworks",
				);
				MARKETING_VERSION = 1.0;
				PRODUCT_BUNDLE_IDENTIFIER = com.emredegirmenci.Sisal;
				PRODUCT_NAME = "$(TARGET_NAME)";
				SWIFT_EMIT_LOC_STRINGS = YES;
				SWIFT_VERSION = 5.0;
				TARGETED_DEVICE_FAMILY = "1,2";
			};
			name = Release;
		};
		80565BBD28F4650500055BDC /* Debug */ = {
			isa = XCBuildConfiguration;
			buildSettings = {
				ALWAYS_EMBED_SWIFT_STANDARD_LIBRARIES = YES;
				BUNDLE_LOADER = "$(TEST_HOST)";
				CODE_SIGN_STYLE = Automatic;
				CURRENT_PROJECT_VERSION = 1;
				DEVELOPMENT_TEAM = NMCVZ8F7S5;
				GENERATE_INFOPLIST_FILE = YES;
				IPHONEOS_DEPLOYMENT_TARGET = 15.5;
				MARKETING_VERSION = 1.0;
				PRODUCT_BUNDLE_IDENTIFIER = com.emredegirmenci.SisalTests;
				PRODUCT_NAME = "$(TARGET_NAME)";
				SWIFT_EMIT_LOC_STRINGS = NO;
				SWIFT_VERSION = 5.0;
				TARGETED_DEVICE_FAMILY = "1,2";
				TEST_HOST = "$(BUILT_PRODUCTS_DIR)/SisalTest.app/SisalTest";
			};
			name = Debug;
		};
		80565BBE28F4650500055BDC /* Release */ = {
			isa = XCBuildConfiguration;
			buildSettings = {
				ALWAYS_EMBED_SWIFT_STANDARD_LIBRARIES = YES;
				BUNDLE_LOADER = "$(TEST_HOST)";
				CODE_SIGN_STYLE = Automatic;
				CURRENT_PROJECT_VERSION = 1;
				DEVELOPMENT_TEAM = NMCVZ8F7S5;
				GENERATE_INFOPLIST_FILE = YES;
				IPHONEOS_DEPLOYMENT_TARGET = 15.5;
				MARKETING_VERSION = 1.0;
				PRODUCT_BUNDLE_IDENTIFIER = com.emredegirmenci.SisalTests;
				PRODUCT_NAME = "$(TARGET_NAME)";
				SWIFT_EMIT_LOC_STRINGS = NO;
				SWIFT_VERSION = 5.0;
				TARGETED_DEVICE_FAMILY = "1,2";
				TEST_HOST = "$(BUILT_PRODUCTS_DIR)/SisalTest.app/SisalTest";
			};
			name = Release;
		};
/* End XCBuildConfiguration section */

/* Begin XCConfigurationList section */
		80565B8A28F4650400055BDC /* Build configuration list for PBXProject "SisalTest" */ = {
			isa = XCConfigurationList;
			buildConfigurations = (
				80565BB728F4650500055BDC /* Debug */,
				80565BB828F4650500055BDC /* Release */,
			);
			defaultConfigurationIsVisible = 0;
			defaultConfigurationName = Release;
		};
		80565BB928F4650500055BDC /* Build configuration list for PBXNativeTarget "SisalTest" */ = {
			isa = XCConfigurationList;
			buildConfigurations = (
				80565BBA28F4650500055BDC /* Debug */,
				80565BBB28F4650500055BDC /* Release */,
			);
			defaultConfigurationIsVisible = 0;
			defaultConfigurationName = Release;
		};
		80565BBC28F4650500055BDC /* Build configuration list for PBXNativeTarget "SisalTestTests" */ = {
			isa = XCConfigurationList;
			buildConfigurations = (
				80565BBD28F4650500055BDC /* Debug */,
				80565BBE28F4650500055BDC /* Release */,
			);
			defaultConfigurationIsVisible = 0;
			defaultConfigurationName = Release;
		};
/* End XCConfigurationList section */

/* Begin XCRemoteSwiftPackageReference section */
		80B497C828F46FF3000B2511 /* XCRemoteSwiftPackageReference "Kingfisher" */ = {
			isa = XCRemoteSwiftPackageReference;
			repositoryURL = "https://github.com/onevcat/Kingfisher.git";
			requirement = {
				kind = upToNextMajorVersion;
				minimumVersion = 7.0.0;
			};
		};
/* End XCRemoteSwiftPackageReference section */

/* Begin XCSwiftPackageProductDependency section */
		80B497C928F46FF3000B2511 /* Kingfisher */ = {
			isa = XCSwiftPackageProductDependency;
			package = 80B497C828F46FF3000B2511 /* XCRemoteSwiftPackageReference "Kingfisher" */;
			productName = Kingfisher;
		};
/* End XCSwiftPackageProductDependency section */
	};
	rootObject = 80565B8728F4650400055BDC /* Project object */;
}
